// !$*UTF8*$!
{
	archiveVersion = 1;
	classes = {
	};
	objectVersion = 46;
	objects = {

/* Begin PBXBuildFile section */
		BB363C9B23954A1600422D5F /* GitInfo.framework in CopyFiles */ = {isa = PBXBuildFile; fileRef = BB363C89239548E700422D5F /* GitInfo.framework */; };
		BB363C9D23954A3700422D5F /* SwiftRegex.framework in CopyFiles */ = {isa = PBXBuildFile; fileRef = BB363C8D239548E700422D5F /* SwiftRegex.framework */; };
		BB363C9E23954A3700422D5F /* Parallel.framework in CopyFiles */ = {isa = PBXBuildFile; fileRef = BB363C8B239548E700422D5F /* Parallel.framework */; };
		BB363CC923969F6500422D5F /* siteify in CopyFiles */ = {isa = PBXBuildFile; fileRef = BB8BD1E71C7364E3001108DF /* siteify */; };
		BB8BD1EB1C7364E3001108DF /* main.swift in Sources */ = {isa = PBXBuildFile; fileRef = BB8BD1EA1C7364E3001108DF /* main.swift */; };
		BB8BD1F41C736CF4001108DF /* SourceKit.swift in Sources */ = {isa = PBXBuildFile; fileRef = BB8BD1F21C736CF4001108DF /* SourceKit.swift */; };
		BB9E2F50238FBDC100D8FB3C /* Synchronizer.swift in Sources */ = {isa = PBXBuildFile; fileRef = BB9E2F4F238FBDC100D8FB3C /* Synchronizer.swift */; };
		BBEF4C8D2366C8BB00109F9A /* Siteify.swift in Sources */ = {isa = PBXBuildFile; fileRef = BBEF4C8C2366C8BB00109F9A /* Siteify.swift */; };
		BBEF4C97236A9B6200109F9A /* Resources.swift in Sources */ = {isa = PBXBuildFile; fileRef = BBEF4C96236A9B6200109F9A /* Resources.swift */; };
		BBEF4C9E236D92FE00109F9A /* SwiftLSPClient.framework in CopyFiles */ = {isa = PBXBuildFile; fileRef = BB227D902360C046000D4D3E /* SwiftLSPClient.framework */; };
/* End PBXBuildFile section */

/* Begin PBXContainerItemProxy section */
		BB227D8F2360C046000D4D3E /* PBXContainerItemProxy */ = {
			isa = PBXContainerItemProxy;
			containerPortal = BB227D8A2360C042000D4D3E /* SwiftLSPClient.xcodeproj */;
			proxyType = 2;
			remoteGlobalIDString = C992997F21755D0900C5F8A5;
			remoteInfo = SwiftLSPClient;
		};
		BB227D912360C046000D4D3E /* PBXContainerItemProxy */ = {
			isa = PBXContainerItemProxy;
			containerPortal = BB227D8A2360C042000D4D3E /* SwiftLSPClient.xcodeproj */;
			proxyType = 2;
			remoteGlobalIDString = C992998821755D0900C5F8A5;
			remoteInfo = SwiftLSPClientTests;
		};
		BB227D952360C450000D4D3E /* PBXContainerItemProxy */ = {
			isa = PBXContainerItemProxy;
			containerPortal = BB227D8A2360C042000D4D3E /* SwiftLSPClient.xcodeproj */;
			proxyType = 1;
			remoteGlobalIDString = C992997E21755D0900C5F8A5;
			remoteInfo = SwiftLSPClient;
		};
		BB363C88239548E700422D5F /* PBXContainerItemProxy */ = {
			isa = PBXContainerItemProxy;
			containerPortal = BB363C7D239548E700422D5F /* GitInfo.xcodeproj */;
			proxyType = 2;
			remoteGlobalIDString = "GitInfo::GitInfo::Product";
			remoteInfo = GitInfo;
		};
		BB363C8A239548E700422D5F /* PBXContainerItemProxy */ = {
			isa = PBXContainerItemProxy;
			containerPortal = BB363C7D239548E700422D5F /* GitInfo.xcodeproj */;
			proxyType = 2;
			remoteGlobalIDString = "Parallel::Parallel::Product";
			remoteInfo = Parallel;
		};
		BB363C8C239548E700422D5F /* PBXContainerItemProxy */ = {
			isa = PBXContainerItemProxy;
			containerPortal = BB363C7D239548E700422D5F /* GitInfo.xcodeproj */;
			proxyType = 2;
			remoteGlobalIDString = "SwiftRegex::SwiftRegex::Product";
			remoteInfo = SwiftRegex;
		};
		BB363C8E239548F900422D5F /* PBXContainerItemProxy */ = {
			isa = PBXContainerItemProxy;
			containerPortal = BB363C7D239548E700422D5F /* GitInfo.xcodeproj */;
			proxyType = 1;
			remoteGlobalIDString = "GitInfo::GitInfo";
			remoteInfo = GitInfo;
		};
/* End PBXContainerItemProxy section */

/* Begin PBXCopyFilesBuildPhase section */
		BB363CBF2395675700422D5F /* CopyFiles */ = {
			isa = PBXCopyFilesBuildPhase;
			buildActionMask = 2147483647;
			dstPath = $HOME/bin;
			dstSubfolderSpec = 0;
			files = (
				BB363CC923969F6500422D5F /* siteify in CopyFiles */,
			);
			runOnlyForDeploymentPostprocessing = 0;
		};
		BBD81FAF1C73DDFC0060CF44 /* CopyFiles */ = {
			isa = PBXCopyFilesBuildPhase;
			buildActionMask = 2147483647;
			dstPath = $HOME/bin/Frameworks;
			dstSubfolderSpec = 0;
			files = (
				BB363C9D23954A3700422D5F /* SwiftRegex.framework in CopyFiles */,
				BB363C9E23954A3700422D5F /* Parallel.framework in CopyFiles */,
				BB363C9B23954A1600422D5F /* GitInfo.framework in CopyFiles */,
				BBEF4C9E236D92FE00109F9A /* SwiftLSPClient.framework in CopyFiles */,
			);
			runOnlyForDeploymentPostprocessing = 0;
		};
/* End PBXCopyFilesBuildPhase section */

/* Begin PBXFileReference section */
		BB227D8A2360C042000D4D3E /* SwiftLSPClient.xcodeproj */ = {isa = PBXFileReference; lastKnownFileType = "wrapper.pb-project"; name = SwiftLSPClient.xcodeproj; path = .build/checkouts/SwiftLSPClient/SwiftLSPClient.xcodeproj; sourceTree = "<group>"; };
		BB363C7D239548E700422D5F /* GitInfo.xcodeproj */ = {isa = PBXFileReference; lastKnownFileType = "wrapper.pb-project"; name = GitInfo.xcodeproj; path = .build/checkouts/GitInfo/GitInfo.xcodeproj; sourceTree = "<group>"; };
		BB8BD1E71C7364E3001108DF /* siteify */ = {isa = PBXFileReference; explicitFileType = "compiled.mach-o.executable"; includeInIndex = 0; path = siteify; sourceTree = BUILT_PRODUCTS_DIR; };
		BB8BD1EA1C7364E3001108DF /* main.swift */ = {isa = PBXFileReference; lastKnownFileType = sourcecode.swift; path = main.swift; sourceTree = "<group>"; };
		BB8BD1F21C736CF4001108DF /* SourceKit.swift */ = {isa = PBXFileReference; fileEncoding = 4; lastKnownFileType = sourcecode.swift; path = SourceKit.swift; sourceTree = "<group>"; };
		BB9E2F4F238FBDC100D8FB3C /* Synchronizer.swift */ = {isa = PBXFileReference; lastKnownFileType = sourcecode.swift; path = Synchronizer.swift; sourceTree = "<group>"; };
		BBD81F9E1C736FF70060CF44 /* siteify-Bridging-Header.h */ = {isa = PBXFileReference; lastKnownFileType = sourcecode.c.h; path = "siteify-Bridging-Header.h"; sourceTree = "<group>"; };
		BBD81FA11C73703D0060CF44 /* sourcekitd.h */ = {isa = PBXFileReference; fileEncoding = 4; lastKnownFileType = sourcecode.c.h; path = sourcekitd.h; sourceTree = "<group>"; };
		BBD81FB11C73DE6E0060CF44 /* README.md */ = {isa = PBXFileReference; fileEncoding = 4; lastKnownFileType = net.daringfireball.markdown; path = README.md; sourceTree = "<group>"; };
		BBEF4C832364502800109F9A /* Package.swift */ = {isa = PBXFileReference; fileEncoding = 4; lastKnownFileType = sourcecode.swift; path = Package.swift; sourceTree = "<group>"; };
		BBEF4C8C2366C8BB00109F9A /* Siteify.swift */ = {isa = PBXFileReference; lastKnownFileType = sourcecode.swift; path = Siteify.swift; sourceTree = "<group>"; };
		BBEF4C96236A9B6200109F9A /* Resources.swift */ = {isa = PBXFileReference; lastKnownFileType = sourcecode.swift; path = Resources.swift; sourceTree = "<group>"; };
/* End PBXFileReference section */

/* Begin PBXFrameworksBuildPhase section */
		BB8BD1E41C7364E3001108DF /* Frameworks */ = {
			isa = PBXFrameworksBuildPhase;
			buildActionMask = 2147483647;
			files = (
			);
			runOnlyForDeploymentPostprocessing = 0;
		};
/* End PBXFrameworksBuildPhase section */

/* Begin PBXGroup section */
		BB227D8B2360C042000D4D3E /* Products */ = {
			isa = PBXGroup;
			children = (
				BB227D902360C046000D4D3E /* SwiftLSPClient.framework */,
				BB227D922360C046000D4D3E /* SwiftLSPClientTests.xctest */,
			);
			name = Products;
			sourceTree = "<group>";
		};
		BB363C7E239548E700422D5F /* Products */ = {
			isa = PBXGroup;
			children = (
				BB363C89239548E700422D5F /* GitInfo.framework */,
				BB363C8B239548E700422D5F /* Parallel.framework */,
				BB363C8D239548E700422D5F /* SwiftRegex.framework */,
			);
			name = Products;
			sourceTree = "<group>";
		};
		BB8BD1DE1C7364E3001108DF = {
			isa = PBXGroup;
			children = (
				BBEF4C832364502800109F9A /* Package.swift */,
				BBD81FB11C73DE6E0060CF44 /* README.md */,
				BB8BD1E91C7364E3001108DF /* siteify */,
				BB363C7D239548E700422D5F /* GitInfo.xcodeproj */,
				BB227D8A2360C042000D4D3E /* SwiftLSPClient.xcodeproj */,
				BB8BD1E81C7364E3001108DF /* Products */,
			);
			sourceTree = "<group>";
		};
		BB8BD1E81C7364E3001108DF /* Products */ = {
			isa = PBXGroup;
			children = (
				BB8BD1E71C7364E3001108DF /* siteify */,
			);
			name = Products;
			sourceTree = "<group>";
		};
		BB8BD1E91C7364E3001108DF /* siteify */ = {
			isa = PBXGroup;
			children = (
				BB8BD1EA1C7364E3001108DF /* main.swift */,
				BBEF4C8C2366C8BB00109F9A /* Siteify.swift */,
				BB8BD1F21C736CF4001108DF /* SourceKit.swift */,
				BBEF4C96236A9B6200109F9A /* Resources.swift */,
				BB9E2F4F238FBDC100D8FB3C /* Synchronizer.swift */,
				BBD81F9E1C736FF70060CF44 /* siteify-Bridging-Header.h */,
				BBD81FA11C73703D0060CF44 /* sourcekitd.h */,
			);
			path = siteify;
			sourceTree = "<group>";
		};
/* End PBXGroup section */

/* Begin PBXNativeTarget section */
		BB8BD1E61C7364E3001108DF /* siteify */ = {
			isa = PBXNativeTarget;
			buildConfigurationList = BB8BD1EE1C7364E3001108DF /* Build configuration list for PBXNativeTarget "siteify" */;
			buildPhases = (
				BB8BD1E31C7364E3001108DF /* Sources */,
				BB8BD1E41C7364E3001108DF /* Frameworks */,
				BBD81FAF1C73DDFC0060CF44 /* CopyFiles */,
				BB363CBF2395675700422D5F /* CopyFiles */,
				BBA1F73F237D4BF400568787 /* ShellScript */,
			);
			buildRules = (
			);
			dependencies = (
				BB363C8F239548F900422D5F /* PBXTargetDependency */,
				BB227D962360C450000D4D3E /* PBXTargetDependency */,
			);
			name = siteify;
			productName = siteify;
			productReference = BB8BD1E71C7364E3001108DF /* siteify */;
			productType = "com.apple.product-type.tool";
		};
/* End PBXNativeTarget section */

/* Begin PBXProject section */
		BB8BD1DF1C7364E3001108DF /* Project object */ = {
			isa = PBXProject;
			attributes = {
				LastSwiftUpdateCheck = 0730;
				LastUpgradeCheck = 0730;
				ORGANIZATIONNAME = "John Holdsworth";
				TargetAttributes = {
					BB8BD1E61C7364E3001108DF = {
						CreatedOnToolsVersion = 7.3;
						LastSwiftMigration = 1110;
					};
				};
			};
			buildConfigurationList = BB8BD1E21C7364E3001108DF /* Build configuration list for PBXProject "siteify" */;
			compatibilityVersion = "Xcode 3.2";
			developmentRegion = en;
			hasScannedForEncodings = 0;
			knownRegions = (
				en,
				Base,
			);
			mainGroup = BB8BD1DE1C7364E3001108DF;
			productRefGroup = BB8BD1E81C7364E3001108DF /* Products */;
			projectDirPath = "";
			projectReferences = (
				{
					ProductGroup = BB363C7E239548E700422D5F /* Products */;
					ProjectRef = BB363C7D239548E700422D5F /* GitInfo.xcodeproj */;
				},
				{
					ProductGroup = BB227D8B2360C042000D4D3E /* Products */;
					ProjectRef = BB227D8A2360C042000D4D3E /* SwiftLSPClient.xcodeproj */;
				},
			);
			projectRoot = "";
			targets = (
				BB8BD1E61C7364E3001108DF /* siteify */,
			);
		};
/* End PBXProject section */

/* Begin PBXReferenceProxy section */
		BB227D902360C046000D4D3E /* SwiftLSPClient.framework */ = {
			isa = PBXReferenceProxy;
			fileType = wrapper.framework;
			path = SwiftLSPClient.framework;
			remoteRef = BB227D8F2360C046000D4D3E /* PBXContainerItemProxy */;
			sourceTree = BUILT_PRODUCTS_DIR;
		};
		BB227D922360C046000D4D3E /* SwiftLSPClientTests.xctest */ = {
			isa = PBXReferenceProxy;
			fileType = wrapper.cfbundle;
			path = SwiftLSPClientTests.xctest;
			remoteRef = BB227D912360C046000D4D3E /* PBXContainerItemProxy */;
			sourceTree = BUILT_PRODUCTS_DIR;
		};
		BB363C89239548E700422D5F /* GitInfo.framework */ = {
			isa = PBXReferenceProxy;
			fileType = wrapper.framework;
			path = GitInfo.framework;
			remoteRef = BB363C88239548E700422D5F /* PBXContainerItemProxy */;
			sourceTree = BUILT_PRODUCTS_DIR;
		};
		BB363C8B239548E700422D5F /* Parallel.framework */ = {
			isa = PBXReferenceProxy;
			fileType = wrapper.framework;
			path = Parallel.framework;
			remoteRef = BB363C8A239548E700422D5F /* PBXContainerItemProxy */;
			sourceTree = BUILT_PRODUCTS_DIR;
		};
		BB363C8D239548E700422D5F /* SwiftRegex.framework */ = {
			isa = PBXReferenceProxy;
			fileType = wrapper.framework;
			path = SwiftRegex.framework;
			remoteRef = BB363C8C239548E700422D5F /* PBXContainerItemProxy */;
			sourceTree = BUILT_PRODUCTS_DIR;
		};
/* End PBXReferenceProxy section */

/* Begin PBXShellScriptBuildPhase section */
		BBA1F73F237D4BF400568787 /* ShellScript */ = {
			isa = PBXShellScriptBuildPhase;
			buildActionMask = 2147483647;
			files = (
			);
			inputFileListPaths = (
			);
			inputPaths = (
			);
			outputFileListPaths = (
			);
			outputPaths = (
			);
			runOnlyForDeploymentPostprocessing = 0;
			shellPath = /bin/sh;
			shellScript = "#swiftlint\n";
		};
/* End PBXShellScriptBuildPhase section */

/* Begin PBXSourcesBuildPhase section */
		BB8BD1E31C7364E3001108DF /* Sources */ = {
			isa = PBXSourcesBuildPhase;
			buildActionMask = 2147483647;
			files = (
				BB8BD1EB1C7364E3001108DF /* main.swift in Sources */,
				BBEF4C97236A9B6200109F9A /* Resources.swift in Sources */,
				BBEF4C8D2366C8BB00109F9A /* Siteify.swift in Sources */,
				BB9E2F50238FBDC100D8FB3C /* Synchronizer.swift in Sources */,
				BB8BD1F41C736CF4001108DF /* SourceKit.swift in Sources */,
			);
			runOnlyForDeploymentPostprocessing = 0;
		};
/* End PBXSourcesBuildPhase section */

/* Begin PBXTargetDependency section */
		BB227D962360C450000D4D3E /* PBXTargetDependency */ = {
			isa = PBXTargetDependency;
			name = SwiftLSPClient;
			targetProxy = BB227D952360C450000D4D3E /* PBXContainerItemProxy */;
		};
		BB363C8F239548F900422D5F /* PBXTargetDependency */ = {
			isa = PBXTargetDependency;
			name = GitInfo;
			targetProxy = BB363C8E239548F900422D5F /* PBXContainerItemProxy */;
		};
/* End PBXTargetDependency section */

/* Begin XCBuildConfiguration section */
		BB8BD1EC1C7364E3001108DF /* Debug */ = {
			isa = XCBuildConfiguration;
			buildSettings = {
				ALWAYS_SEARCH_USER_PATHS = NO;
				CLANG_ANALYZER_NONNULL = YES;
				CLANG_CXX_LANGUAGE_STANDARD = "gnu++0x";
				CLANG_CXX_LIBRARY = "libc++";
				CLANG_ENABLE_MODULES = YES;
				CLANG_ENABLE_OBJC_ARC = YES;
				CLANG_WARN_BOOL_CONVERSION = YES;
				CLANG_WARN_CONSTANT_CONVERSION = YES;
				CLANG_WARN_DIRECT_OBJC_ISA_USAGE = YES_ERROR;
				CLANG_WARN_EMPTY_BODY = YES;
				CLANG_WARN_ENUM_CONVERSION = YES;
				CLANG_WARN_INT_CONVERSION = YES;
				CLANG_WARN_OBJC_ROOT_CLASS = YES_ERROR;
				CLANG_WARN_UNREACHABLE_CODE = YES;
				CLANG_WARN__DUPLICATE_METHOD_MATCH = YES;
				CODE_SIGN_IDENTITY = "-";
				COPY_PHASE_STRIP = NO;
				DEBUG_INFORMATION_FORMAT = dwarf;
				ENABLE_STRICT_OBJC_MSGSEND = YES;
				ENABLE_TESTABILITY = YES;
				GCC_C_LANGUAGE_STANDARD = gnu99;
				GCC_DYNAMIC_NO_PIC = NO;
				GCC_NO_COMMON_BLOCKS = YES;
				GCC_OPTIMIZATION_LEVEL = 0;
				GCC_PREPROCESSOR_DEFINITIONS = (
					"DEBUG=1",
					"$(inherited)",
				);
				GCC_WARN_64_TO_32_BIT_CONVERSION = YES;
				GCC_WARN_ABOUT_RETURN_TYPE = YES_ERROR;
				GCC_WARN_UNDECLARED_SELECTOR = YES;
				GCC_WARN_UNINITIALIZED_AUTOS = YES_AGGRESSIVE;
				GCC_WARN_UNUSED_FUNCTION = YES;
				GCC_WARN_UNUSED_VARIABLE = YES;
				MACOSX_DEPLOYMENT_TARGET = 10.12;
				MTL_ENABLE_DEBUG_INFO = YES;
				ONLY_ACTIVE_ARCH = YES;
				SDKROOT = macosx;
				SWIFT_OPTIMIZATION_LEVEL = "-Onone";
			};
			name = Debug;
		};
		BB8BD1ED1C7364E3001108DF /* Release */ = {
			isa = XCBuildConfiguration;
			buildSettings = {
				ALWAYS_SEARCH_USER_PATHS = NO;
				CLANG_ANALYZER_NONNULL = YES;
				CLANG_CXX_LANGUAGE_STANDARD = "gnu++0x";
				CLANG_CXX_LIBRARY = "libc++";
				CLANG_ENABLE_MODULES = YES;
				CLANG_ENABLE_OBJC_ARC = YES;
				CLANG_WARN_BOOL_CONVERSION = YES;
				CLANG_WARN_CONSTANT_CONVERSION = YES;
				CLANG_WARN_DIRECT_OBJC_ISA_USAGE = YES_ERROR;
				CLANG_WARN_EMPTY_BODY = YES;
				CLANG_WARN_ENUM_CONVERSION = YES;
				CLANG_WARN_INT_CONVERSION = YES;
				CLANG_WARN_OBJC_ROOT_CLASS = YES_ERROR;
				CLANG_WARN_UNREACHABLE_CODE = YES;
				CLANG_WARN__DUPLICATE_METHOD_MATCH = YES;
				CODE_SIGN_IDENTITY = "-";
				COPY_PHASE_STRIP = NO;
				DEBUG_INFORMATION_FORMAT = "dwarf-with-dsym";
				ENABLE_NS_ASSERTIONS = NO;
				ENABLE_STRICT_OBJC_MSGSEND = YES;
				GCC_C_LANGUAGE_STANDARD = gnu99;
				GCC_NO_COMMON_BLOCKS = YES;
				GCC_WARN_64_TO_32_BIT_CONVERSION = YES;
				GCC_WARN_ABOUT_RETURN_TYPE = YES_ERROR;
				GCC_WARN_UNDECLARED_SELECTOR = YES;
				GCC_WARN_UNINITIALIZED_AUTOS = YES_AGGRESSIVE;
				GCC_WARN_UNUSED_FUNCTION = YES;
				GCC_WARN_UNUSED_VARIABLE = YES;
				MACOSX_DEPLOYMENT_TARGET = 10.12;
				MTL_ENABLE_DEBUG_INFO = NO;
				SDKROOT = macosx;
			};
			name = Release;
		};
		BB8BD1EF1C7364E3001108DF /* Debug */ = {
			isa = XCBuildConfiguration;
			buildSettings = {
				CLANG_ENABLE_MODULES = YES;
				FRAMEWORK_SEARCH_PATHS = (
					"$(inherited)",
					"$(PROJECT_DIR)/siteify",
					"$(TOOLCHAIN_DIR)/usr/lib",
				);
				LD_RUNPATH_SEARCH_PATHS = "$(inherited) @executable_path/../Frameworks @loader_path/../Frameworks $(TOOLCHAIN_DIR)/usr/lib @executable_path/Frameworks";
				PRODUCT_NAME = "$(TARGET_NAME)";
				SWIFT_OBJC_BRIDGING_HEADER = "siteify/siteify-Bridging-Header.h";
				SWIFT_OPTIMIZATION_LEVEL = "-Onone";
				SWIFT_VERSION = 5.0;
			};
			name = Debug;
		};
		BB8BD1F01C7364E3001108DF /* Release */ = {
			isa = XCBuildConfiguration;
			buildSettings = {
				CLANG_ENABLE_MODULES = YES;
				FRAMEWORK_SEARCH_PATHS = (
					"$(inherited)",
					"$(PROJECT_DIR)/siteify",
					"$(TOOLCHAIN_DIR)/usr/lib",
				);
				LD_RUNPATH_SEARCH_PATHS = "$(inherited) @executable_path/../Frameworks @loader_path/../Frameworks $(TOOLCHAIN_DIR)/usr/lib @executable_path/Frameworks";
				PRODUCT_NAME = "$(TARGET_NAME)";
				SWIFT_OBJC_BRIDGING_HEADER = "siteify/siteify-Bridging-Header.h";
				SWIFT_VERSION = 5.0;
			};
			name = Release;
		};
/* End XCBuildConfiguration section */

/* Begin XCConfigurationList section */
		BB8BD1E21C7364E3001108DF /* Build configuration list for PBXProject "siteify" */ = {
			isa = XCConfigurationList;
			buildConfigurations = (
				BB8BD1EC1C7364E3001108DF /* Debug */,
				BB8BD1ED1C7364E3001108DF /* Release */,
			);
			defaultConfigurationIsVisible = 0;
			defaultConfigurationName = Release;
		};
		BB8BD1EE1C7364E3001108DF /* Build configuration list for PBXNativeTarget "siteify" */ = {
			isa = XCConfigurationList;
			buildConfigurations = (
				BB8BD1EF1C7364E3001108DF /* Debug */,
				BB8BD1F01C7364E3001108DF /* Release */,
			);
			defaultConfigurationIsVisible = 0;
			defaultConfigurationName = Release;
		};
/* End XCConfigurationList section */
	};
	rootObject = BB8BD1DF1C7364E3001108DF /* Project object */;
}
